# This file is automatically @generated by Cargo.
# It is not intended for manual editing.
version = 3

[[package]]
name = "ropey"
version = "1.4.1"
source = "registry+https://github.com/rust-lang/crates.io-index"
checksum = "fa0dd9b26e2a102b33d400b7b7d196c81a4014eb96eda90b1c5b48d7215d9633"
dependencies = [
 "smallvec",
 "str_indices",
]

[[package]]
name = "ropey-confusion"
version = "0.1.0"
dependencies = [
 "ropey",
]

[[package]]
name = "smallvec"
version = "1.8.0"
source = "registry+https://github.com/rust-lang/crates.io-index"
checksum = "f2dd574626839106c320a323308629dcb1acfc96e32a8cba364ddc61ac23ee83"

[[package]]
name = "str_indices"
version = "0.3.2"
source = "registry+https://github.com/rust-lang/crates.io-index"
checksum = "adfad63a1b47951101cd667a85b2959a62910cf03f814fff25df89c460b873f8"
